{
  "name": "mlmi-elements",
  "version": "0.5.12",
  "lockfileVersion": 1,
  "requires": true,
  "dependencies": {
    "jquery": {
      "version": "3.5.1",
      "resolved": "https://registry.npmjs.org/jquery/-/jquery-3.5.1.tgz",
      "integrity": "sha512-XwIBPqcMn57FxfT+Go5pzySnm4KWkT1Tv7gjrpT1srtf8Weynl6R273VJ5GjkRb51IzMp5nbaPjJXMWeju2MKg=="
    },
    "jquery-datepicker": {
      "version": "1.12.3",
      "resolved": "https://registry.npmjs.org/jquery-datepicker/-/jquery-datepicker-1.12.3.tgz",
      "integrity": "sha512-dj140t4syBKTLOvqnDJ/x03u9HcoatvX99t5IY/0IfEtxDtJAxB2VBCAZehbtHJg9Sb7YdC6/2BnGFk1pr/SgA=="
    },
    "jquery-ui": {
      "version": "1.12.1",
      "resolved": "https://registry.npmjs.org/jquery-ui/-/jquery-ui-1.12.1.tgz",
      "integrity": "sha1-vLQEXI3QU5wTS8FIjN0+dop6nlE="
    },
    "jquery-ui-touch-punch": {
      "version": "0.2.3",
      "resolved": "https://registry.npmjs.org/jquery-ui-touch-punch/-/jquery-ui-touch-punch-0.2.3.tgz",
      "integrity": "sha1-7tgiQnM7okP0az6HwYQbMIGR2mg="
    }
  }
}
